// !$*UTF8*$!
{
	archiveVersion = 1;
	classes = {
	};
	objectVersion = 56;
	objects = {

/* Begin PBXBuildFile section */
		770FBA1029BD2BC800DE55E4 /* RecommendationsResponse.swift in Sources */ = {isa = PBXBuildFile; fileRef = 770FBA0F29BD2BC800DE55E4 /* RecommendationsResponse.swift */; };
		771B858629C7730C00C0ABC5 /* TitleHeaderCollectionReusableView.swift in Sources */ = {isa = PBXBuildFile; fileRef = 771B858529C7730C00C0ABC5 /* TitleHeaderCollectionReusableView.swift */; };
		771B858829C77BA500C0ABC5 /* AlbumCollectIonViewCellViewModel.swift in Sources */ = {isa = PBXBuildFile; fileRef = 771B858729C77BA500C0ABC5 /* AlbumCollectIonViewCellViewModel.swift */; };
		771B858A29C77C3200C0ABC5 /* AlbumCollectionViewCell.swift in Sources */ = {isa = PBXBuildFile; fileRef = 771B858929C77C3200C0ABC5 /* AlbumCollectionViewCell.swift */; };
		7763E40429C9285700AC5343 /* GenreCollectionViewCell.swift in Sources */ = {isa = PBXBuildFile; fileRef = 7763E40329C9285700AC5343 /* GenreCollectionViewCell.swift */; };
		77676EBC29CE16580091322F /* SearchResultDefaultTableViewCell.swift in Sources */ = {isa = PBXBuildFile; fileRef = 77676EBB29CE16580091322F /* SearchResultDefaultTableViewCell.swift */; };
		77676EBE29CE5DFF0091322F /* SearchResultDefaultTableViewCellViewModel.swift in Sources */ = {isa = PBXBuildFile; fileRef = 77676EBD29CE5DFF0091322F /* SearchResultDefaultTableViewCellViewModel.swift */; };
		77676EC029CE6C300091322F /* SearchResultSubtitleTableViewCell.swift in Sources */ = {isa = PBXBuildFile; fileRef = 77676EBF29CE6C300091322F /* SearchResultSubtitleTableViewCell.swift */; };
		77676EC229CE6D7B0091322F /* SearchResultSubtitleTableViewCellViewModel.swift in Sources */ = {isa = PBXBuildFile; fileRef = 77676EC129CE6D7B0091322F /* SearchResultSubtitleTableViewCellViewModel.swift */; };
		77676EC729CFA98E0091322F /* PlaybackPresenter.swift in Sources */ = {isa = PBXBuildFile; fileRef = 77676EC629CFA98E0091322F /* PlaybackPresenter.swift */; };
		77676EC929CFC3760091322F /* PlayerControlsView.swift in Sources */ = {isa = PBXBuildFile; fileRef = 77676EC829CFC3760091322F /* PlayerControlsView.swift */; };
		776C944229C1640A0085B779 /* NewReleasesCollectionViewCell.swift in Sources */ = {isa = PBXBuildFile; fileRef = 776C944129C1640A0085B779 /* NewReleasesCollectionViewCell.swift */; };
		776C944429C1644E0085B779 /* FeaturedPlaylistsCollectionViewCell.swift in Sources */ = {isa = PBXBuildFile; fileRef = 776C944329C1644E0085B779 /* FeaturedPlaylistsCollectionViewCell.swift */; };
		776C944629C1648A0085B779 /* RecommendedTracksCollectionViewCell.swift in Sources */ = {isa = PBXBuildFile; fileRef = 776C944529C1648A0085B779 /* RecommendedTracksCollectionViewCell.swift */; };
		776C944829C164FF0085B779 /* NewReleasesCellViewModel.swift in Sources */ = {isa = PBXBuildFile; fileRef = 776C944729C164FF0085B779 /* NewReleasesCellViewModel.swift */; };
		776C944A29C3DB610085B779 /* FeaturedPlaylistCellViewModel.swift in Sources */ = {isa = PBXBuildFile; fileRef = 776C944929C3DB610085B779 /* FeaturedPlaylistCellViewModel.swift */; };
		776C945029C3DC420085B779 /* RecommendedTrackViewModel.swift in Sources */ = {isa = PBXBuildFile; fileRef = 776C944F29C3DC420085B779 /* RecommendedTrackViewModel.swift */; };
		776C945229C61E0E0085B779 /* AlbumViewController.swift in Sources */ = {isa = PBXBuildFile; fileRef = 776C945129C61E0E0085B779 /* AlbumViewController.swift */; };
		776C945729C628060085B779 /* AlbumDetailsResponse.swift in Sources */ = {isa = PBXBuildFile; fileRef = 776C945629C628060085B779 /* AlbumDetailsResponse.swift */; };
		776C945929C628EB0085B779 /* TracksResponse.swift in Sources */ = {isa = PBXBuildFile; fileRef = 776C945829C628EB0085B779 /* TracksResponse.swift */; };
		776DDF5329CD308D00CD4016 /* SearchResultResponse.swift in Sources */ = {isa = PBXBuildFile; fileRef = 776DDF5229CD308D00CD4016 /* SearchResultResponse.swift */; };
		776DDF5529CD32A600CD4016 /* SearchResult.swift in Sources */ = {isa = PBXBuildFile; fileRef = 776DDF5429CD32A600CD4016 /* SearchResult.swift */; };
		7792F3F529BCF43700690E45 /* NewReleasesResponse.swift in Sources */ = {isa = PBXBuildFile; fileRef = 7792F3F429BCF43700690E45 /* NewReleasesResponse.swift */; };
		7792F3F729BCF58300690E45 /* APIImage.swift in Sources */ = {isa = PBXBuildFile; fileRef = 7792F3F629BCF58300690E45 /* APIImage.swift */; };
		7792F3F929BCF66900690E45 /* Album.swift in Sources */ = {isa = PBXBuildFile; fileRef = 7792F3F829BCF66900690E45 /* Album.swift */; };
		779A5FBC29D73844002E121D /* LibraryPlaylistResponse.swift in Sources */ = {isa = PBXBuildFile; fileRef = 779A5FBB29D73844002E121D /* LibraryPlaylistResponse.swift */; };
		779A5FBE29D739E1002E121D /* ActionLabelView.swift in Sources */ = {isa = PBXBuildFile; fileRef = 779A5FBD29D739E1002E121D /* ActionLabelView.swift */; };
		779AC12029D1E908001DFA8E /* LibraryPlaylistsViewController.swift in Sources */ = {isa = PBXBuildFile; fileRef = 779AC11F29D1E908001DFA8E /* LibraryPlaylistsViewController.swift */; };
		779AC12229D1E939001DFA8E /* LibraryAlbumsViewController.swift in Sources */ = {isa = PBXBuildFile; fileRef = 779AC12129D1E939001DFA8E /* LibraryAlbumsViewController.swift */; };
		779AC12429D1EE0C001DFA8E /* LibraryToggleView.swift in Sources */ = {isa = PBXBuildFile; fileRef = 779AC12329D1EE0C001DFA8E /* LibraryToggleView.swift */; };
		77C2A1F229C64C2F00343661 /* PlaylistDetailResponse.swift in Sources */ = {isa = PBXBuildFile; fileRef = 77C2A1F129C64C2F00343661 /* PlaylistDetailResponse.swift */; };
		77C2A1F429C691EF00343661 /* PlaylistHeaderCollectionReusableView.swift in Sources */ = {isa = PBXBuildFile; fileRef = 77C2A1F329C691EF00343661 /* PlaylistHeaderCollectionReusableView.swift */; };
		77C2A1F629C6963B00343661 /* PlaylistHeaderVIewModel.swift in Sources */ = {isa = PBXBuildFile; fileRef = 77C2A1F529C6963B00343661 /* PlaylistHeaderVIewModel.swift */; };
		77C63D3E29BD01D600D5463E /* FeaturedPlaylistResponse.swift in Sources */ = {isa = PBXBuildFile; fileRef = 77C63D3D29BD01D600D5463E /* FeaturedPlaylistResponse.swift */; };
		77C63D4029BD094100D5463E /* RecommendedGenresResponse.swift in Sources */ = {isa = PBXBuildFile; fileRef = 77C63D3F29BD094100D5463E /* RecommendedGenresResponse.swift */; };
		77CB103F29CA813200878BEB /* CategoriesResponse.swift in Sources */ = {isa = PBXBuildFile; fileRef = 77CB103E29CA813200878BEB /* CategoriesResponse.swift */; };
		77CB104129CA881000878BEB /* CategoryCollectionViewCellViewModel.swift in Sources */ = {isa = PBXBuildFile; fileRef = 77CB104029CA881000878BEB /* CategoryCollectionViewCellViewModel.swift */; };
		77CB104329CA8B3D00878BEB /* CategoryViewController.swift in Sources */ = {isa = PBXBuildFile; fileRef = 77CB104229CA8B3D00878BEB /* CategoryViewController.swift */; };
		77CB16E929BA9E2000F74E2B /* SettingsModels.swift in Sources */ = {isa = PBXBuildFile; fileRef = 77CB16E829BA9E2000F74E2B /* SettingsModels.swift */; };
		77E2B83729DC868D00133FC8 /* LibraryAlbumsReponse.swift in Sources */ = {isa = PBXBuildFile; fileRef = 77E2B83629DC868D00133FC8 /* LibraryAlbumsReponse.swift */; };
		77F2A69F29B55C65009A876B /* AppDelegate.swift in Sources */ = {isa = PBXBuildFile; fileRef = 77F2A69E29B55C65009A876B /* AppDelegate.swift */; };
		77F2A6A129B55C65009A876B /* SceneDelegate.swift in Sources */ = {isa = PBXBuildFile; fileRef = 77F2A6A029B55C65009A876B /* SceneDelegate.swift */; };
		77F2A6A329B55C65009A876B /* HomeViewController.swift in Sources */ = {isa = PBXBuildFile; fileRef = 77F2A6A229B55C65009A876B /* HomeViewController.swift */; };
		77F2A6A829B55C66009A876B /* Assets.xcassets in Resources */ = {isa = PBXBuildFile; fileRef = 77F2A6A729B55C66009A876B /* Assets.xcassets */; };
		77F2A6AB29B55C66009A876B /* LaunchScreen.storyboard in Resources */ = {isa = PBXBuildFile; fileRef = 77F2A6A929B55C66009A876B /* LaunchScreen.storyboard */; };
		77F2A6B929B55E9D009A876B /* TabBarViewController.swift in Sources */ = {isa = PBXBuildFile; fileRef = 77F2A6B829B55E9D009A876B /* TabBarViewController.swift */; };
		77F2A6BB29B55EB3009A876B /* SearchViewController.swift in Sources */ = {isa = PBXBuildFile; fileRef = 77F2A6BA29B55EB3009A876B /* SearchViewController.swift */; };
		77F2A6BD29B55EC7009A876B /* LibraryViewController.swift in Sources */ = {isa = PBXBuildFile; fileRef = 77F2A6BC29B55EC7009A876B /* LibraryViewController.swift */; };
		77F2A6C129B55EE9009A876B /* AuthViewController.swift in Sources */ = {isa = PBXBuildFile; fileRef = 77F2A6C029B55EE9009A876B /* AuthViewController.swift */; };
		77F2A6C329B55EF2009A876B /* WelcomeViewController.swift in Sources */ = {isa = PBXBuildFile; fileRef = 77F2A6C229B55EF2009A876B /* WelcomeViewController.swift */; };
		77F2A6C529B55F02009A876B /* SettingsViewController.swift in Sources */ = {isa = PBXBuildFile; fileRef = 77F2A6C429B55F02009A876B /* SettingsViewController.swift */; };
		77F2A6C729B55F0F009A876B /* ProfileViewController.swift in Sources */ = {isa = PBXBuildFile; fileRef = 77F2A6C629B55F0F009A876B /* ProfileViewController.swift */; };
		77F2A6C929B55F1E009A876B /* PlayerViewController.swift in Sources */ = {isa = PBXBuildFile; fileRef = 77F2A6C829B55F1E009A876B /* PlayerViewController.swift */; };
		77F2A6CB29B55F28009A876B /* PlaylistViewController.swift in Sources */ = {isa = PBXBuildFile; fileRef = 77F2A6CA29B55F28009A876B /* PlaylistViewController.swift */; };
		77F2A6CF29B55F70009A876B /* SearchResultsViewController.swift in Sources */ = {isa = PBXBuildFile; fileRef = 77F2A6CE29B55F70009A876B /* SearchResultsViewController.swift */; };
		77F2A6D129B55FBF009A876B /* AuthManager.swift in Sources */ = {isa = PBXBuildFile; fileRef = 77F2A6D029B55FBF009A876B /* AuthManager.swift */; };
		77F2A6D329B55FCC009A876B /* APICaller.swift in Sources */ = {isa = PBXBuildFile; fileRef = 77F2A6D229B55FCC009A876B /* APICaller.swift */; };
		77F2A6D529B55FD2009A876B /* HapticsManager.swift in Sources */ = {isa = PBXBuildFile; fileRef = 77F2A6D429B55FD2009A876B /* HapticsManager.swift */; };
		77F2A6D729B5603E009A876B /* Playlist.swift in Sources */ = {isa = PBXBuildFile; fileRef = 77F2A6D629B5603E009A876B /* Playlist.swift */; };
		77F2A6D929B56050009A876B /* AudioTrack.swift in Sources */ = {isa = PBXBuildFile; fileRef = 77F2A6D829B56050009A876B /* AudioTrack.swift */; };
		77F2A6DB29B56057009A876B /* Artist.swift in Sources */ = {isa = PBXBuildFile; fileRef = 77F2A6DA29B56057009A876B /* Artist.swift */; };
		77F2A6DD29B5605F009A876B /* UserProfile.swift in Sources */ = {isa = PBXBuildFile; fileRef = 77F2A6DC29B5605F009A876B /* UserProfile.swift */; };
		77F2A6DF29B6BC39009A876B /* Extensions.swift in Sources */ = {isa = PBXBuildFile; fileRef = 77F2A6DE29B6BC39009A876B /* Extensions.swift */; };
		77F2A6E129B7F633009A876B /* AuthResponse.swift in Sources */ = {isa = PBXBuildFile; fileRef = 77F2A6E029B7F633009A876B /* AuthResponse.swift */; };
		FC667B8C4843523E86CC5E8B /* Pods_Spotify.framework in Frameworks */ = {isa = PBXBuildFile; fileRef = 86A53ABA125758B3B0CB9B58 /* Pods_Spotify.framework */; };
/* End PBXBuildFile section */

/* Begin PBXFileReference section */
		2D7592D0FBF90D2C04B4B35E /* Pods-Spotify.release.xcconfig */ = {isa = PBXFileReference; includeInIndex = 1; lastKnownFileType = text.xcconfig; name = "Pods-Spotify.release.xcconfig"; path = "Target Support Files/Pods-Spotify/Pods-Spotify.release.xcconfig"; sourceTree = "<group>"; };
		770FBA0F29BD2BC800DE55E4 /* RecommendationsResponse.swift */ = {isa = PBXFileReference; lastKnownFileType = sourcecode.swift; path = RecommendationsResponse.swift; sourceTree = "<group>"; };
		771B858529C7730C00C0ABC5 /* TitleHeaderCollectionReusableView.swift */ = {isa = PBXFileReference; lastKnownFileType = sourcecode.swift; path = TitleHeaderCollectionReusableView.swift; sourceTree = "<group>"; };
		771B858729C77BA500C0ABC5 /* AlbumCollectIonViewCellViewModel.swift */ = {isa = PBXFileReference; lastKnownFileType = sourcecode.swift; path = AlbumCollectIonViewCellViewModel.swift; sourceTree = "<group>"; };
		771B858929C77C3200C0ABC5 /* AlbumCollectionViewCell.swift */ = {isa = PBXFileReference; lastKnownFileType = sourcecode.swift; path = AlbumCollectionViewCell.swift; sourceTree = "<group>"; };
		7763E40329C9285700AC5343 /* GenreCollectionViewCell.swift */ = {isa = PBXFileReference; lastKnownFileType = sourcecode.swift; path = GenreCollectionViewCell.swift; sourceTree = "<group>"; };
		77676EBB29CE16580091322F /* SearchResultDefaultTableViewCell.swift */ = {isa = PBXFileReference; lastKnownFileType = sourcecode.swift; path = SearchResultDefaultTableViewCell.swift; sourceTree = "<group>"; };
		77676EBD29CE5DFF0091322F /* SearchResultDefaultTableViewCellViewModel.swift */ = {isa = PBXFileReference; lastKnownFileType = sourcecode.swift; path = SearchResultDefaultTableViewCellViewModel.swift; sourceTree = "<group>"; };
		77676EBF29CE6C300091322F /* SearchResultSubtitleTableViewCell.swift */ = {isa = PBXFileReference; lastKnownFileType = sourcecode.swift; path = SearchResultSubtitleTableViewCell.swift; sourceTree = "<group>"; };
		77676EC129CE6D7B0091322F /* SearchResultSubtitleTableViewCellViewModel.swift */ = {isa = PBXFileReference; lastKnownFileType = sourcecode.swift; path = SearchResultSubtitleTableViewCellViewModel.swift; sourceTree = "<group>"; };
		77676EC629CFA98E0091322F /* PlaybackPresenter.swift */ = {isa = PBXFileReference; lastKnownFileType = sourcecode.swift; path = PlaybackPresenter.swift; sourceTree = "<group>"; };
		77676EC829CFC3760091322F /* PlayerControlsView.swift */ = {isa = PBXFileReference; lastKnownFileType = sourcecode.swift; path = PlayerControlsView.swift; sourceTree = "<group>"; };
		776C944129C1640A0085B779 /* NewReleasesCollectionViewCell.swift */ = {isa = PBXFileReference; lastKnownFileType = sourcecode.swift; path = NewReleasesCollectionViewCell.swift; sourceTree = "<group>"; };
		776C944329C1644E0085B779 /* FeaturedPlaylistsCollectionViewCell.swift */ = {isa = PBXFileReference; lastKnownFileType = sourcecode.swift; path = FeaturedPlaylistsCollectionViewCell.swift; sourceTree = "<group>"; };
		776C944529C1648A0085B779 /* RecommendedTracksCollectionViewCell.swift */ = {isa = PBXFileReference; lastKnownFileType = sourcecode.swift; path = RecommendedTracksCollectionViewCell.swift; sourceTree = "<group>"; };
		776C944729C164FF0085B779 /* NewReleasesCellViewModel.swift */ = {isa = PBXFileReference; lastKnownFileType = sourcecode.swift; path = NewReleasesCellViewModel.swift; sourceTree = "<group>"; };
		776C944929C3DB610085B779 /* FeaturedPlaylistCellViewModel.swift */ = {isa = PBXFileReference; lastKnownFileType = sourcecode.swift; path = FeaturedPlaylistCellViewModel.swift; sourceTree = "<group>"; };
		776C944F29C3DC420085B779 /* RecommendedTrackViewModel.swift */ = {isa = PBXFileReference; lastKnownFileType = sourcecode.swift; path = RecommendedTrackViewModel.swift; sourceTree = "<group>"; };
		776C945129C61E0E0085B779 /* AlbumViewController.swift */ = {isa = PBXFileReference; lastKnownFileType = sourcecode.swift; path = AlbumViewController.swift; sourceTree = "<group>"; };
		776C945629C628060085B779 /* AlbumDetailsResponse.swift */ = {isa = PBXFileReference; lastKnownFileType = sourcecode.swift; path = AlbumDetailsResponse.swift; sourceTree = "<group>"; };
		776C945829C628EB0085B779 /* TracksResponse.swift */ = {isa = PBXFileReference; lastKnownFileType = sourcecode.swift; path = TracksResponse.swift; sourceTree = "<group>"; };
		776DDF5229CD308D00CD4016 /* SearchResultResponse.swift */ = {isa = PBXFileReference; lastKnownFileType = sourcecode.swift; path = SearchResultResponse.swift; sourceTree = "<group>"; };
		776DDF5429CD32A600CD4016 /* SearchResult.swift */ = {isa = PBXFileReference; lastKnownFileType = sourcecode.swift; path = SearchResult.swift; sourceTree = "<group>"; };
		7792F3F429BCF43700690E45 /* NewReleasesResponse.swift */ = {isa = PBXFileReference; lastKnownFileType = sourcecode.swift; path = NewReleasesResponse.swift; sourceTree = "<group>"; };
		7792F3F629BCF58300690E45 /* APIImage.swift */ = {isa = PBXFileReference; lastKnownFileType = sourcecode.swift; path = APIImage.swift; sourceTree = "<group>"; };
		7792F3F829BCF66900690E45 /* Album.swift */ = {isa = PBXFileReference; lastKnownFileType = sourcecode.swift; path = Album.swift; sourceTree = "<group>"; };
		779A5FBB29D73844002E121D /* LibraryPlaylistResponse.swift */ = {isa = PBXFileReference; lastKnownFileType = sourcecode.swift; path = LibraryPlaylistResponse.swift; sourceTree = "<group>"; };
		779A5FBD29D739E1002E121D /* ActionLabelView.swift */ = {isa = PBXFileReference; lastKnownFileType = sourcecode.swift; path = ActionLabelView.swift; sourceTree = "<group>"; };
		779AC11F29D1E908001DFA8E /* LibraryPlaylistsViewController.swift */ = {isa = PBXFileReference; lastKnownFileType = sourcecode.swift; path = LibraryPlaylistsViewController.swift; sourceTree = "<group>"; };
		779AC12129D1E939001DFA8E /* LibraryAlbumsViewController.swift */ = {isa = PBXFileReference; lastKnownFileType = sourcecode.swift; path = LibraryAlbumsViewController.swift; sourceTree = "<group>"; };
		779AC12329D1EE0C001DFA8E /* LibraryToggleView.swift */ = {isa = PBXFileReference; lastKnownFileType = sourcecode.swift; path = LibraryToggleView.swift; sourceTree = "<group>"; };
		77C2A1F129C64C2F00343661 /* PlaylistDetailResponse.swift */ = {isa = PBXFileReference; lastKnownFileType = sourcecode.swift; path = PlaylistDetailResponse.swift; sourceTree = "<group>"; };
		77C2A1F329C691EF00343661 /* PlaylistHeaderCollectionReusableView.swift */ = {isa = PBXFileReference; lastKnownFileType = sourcecode.swift; path = PlaylistHeaderCollectionReusableView.swift; sourceTree = "<group>"; };
		77C2A1F529C6963B00343661 /* PlaylistHeaderVIewModel.swift */ = {isa = PBXFileReference; lastKnownFileType = sourcecode.swift; path = PlaylistHeaderVIewModel.swift; sourceTree = "<group>"; };
		77C63D3D29BD01D600D5463E /* FeaturedPlaylistResponse.swift */ = {isa = PBXFileReference; lastKnownFileType = sourcecode.swift; path = FeaturedPlaylistResponse.swift; sourceTree = "<group>"; };
		77C63D3F29BD094100D5463E /* RecommendedGenresResponse.swift */ = {isa = PBXFileReference; lastKnownFileType = sourcecode.swift; path = RecommendedGenresResponse.swift; sourceTree = "<group>"; };
		77CB103E29CA813200878BEB /* CategoriesResponse.swift */ = {isa = PBXFileReference; lastKnownFileType = sourcecode.swift; path = CategoriesResponse.swift; sourceTree = "<group>"; };
		77CB104029CA881000878BEB /* CategoryCollectionViewCellViewModel.swift */ = {isa = PBXFileReference; lastKnownFileType = sourcecode.swift; path = CategoryCollectionViewCellViewModel.swift; sourceTree = "<group>"; };
		77CB104229CA8B3D00878BEB /* CategoryViewController.swift */ = {isa = PBXFileReference; lastKnownFileType = sourcecode.swift; path = CategoryViewController.swift; sourceTree = "<group>"; };
		77CB16E829BA9E2000F74E2B /* SettingsModels.swift */ = {isa = PBXFileReference; lastKnownFileType = sourcecode.swift; path = SettingsModels.swift; sourceTree = "<group>"; };
		77E2B83629DC868D00133FC8 /* LibraryAlbumsReponse.swift */ = {isa = PBXFileReference; lastKnownFileType = sourcecode.swift; path = LibraryAlbumsReponse.swift; sourceTree = "<group>"; };
		77F2A69B29B55C65009A876B /* Spotify.app */ = {isa = PBXFileReference; explicitFileType = wrapper.application; includeInIndex = 0; path = Spotify.app; sourceTree = BUILT_PRODUCTS_DIR; };
		77F2A69E29B55C65009A876B /* AppDelegate.swift */ = {isa = PBXFileReference; lastKnownFileType = sourcecode.swift; path = AppDelegate.swift; sourceTree = "<group>"; };
		77F2A6A029B55C65009A876B /* SceneDelegate.swift */ = {isa = PBXFileReference; lastKnownFileType = sourcecode.swift; path = SceneDelegate.swift; sourceTree = "<group>"; };
		77F2A6A229B55C65009A876B /* HomeViewController.swift */ = {isa = PBXFileReference; lastKnownFileType = sourcecode.swift; path = HomeViewController.swift; sourceTree = "<group>"; };
		77F2A6A729B55C66009A876B /* Assets.xcassets */ = {isa = PBXFileReference; lastKnownFileType = folder.assetcatalog; path = Assets.xcassets; sourceTree = "<group>"; };
		77F2A6AA29B55C66009A876B /* Base */ = {isa = PBXFileReference; lastKnownFileType = file.storyboard; name = Base; path = Base.lproj/LaunchScreen.storyboard; sourceTree = "<group>"; };
		77F2A6AC29B55C66009A876B /* Info.plist */ = {isa = PBXFileReference; lastKnownFileType = text.plist.xml; path = Info.plist; sourceTree = "<group>"; };
		77F2A6B829B55E9D009A876B /* TabBarViewController.swift */ = {isa = PBXFileReference; lastKnownFileType = sourcecode.swift; path = TabBarViewController.swift; sourceTree = "<group>"; };
		77F2A6BA29B55EB3009A876B /* SearchViewController.swift */ = {isa = PBXFileReference; lastKnownFileType = sourcecode.swift; path = SearchViewController.swift; sourceTree = "<group>"; };
		77F2A6BC29B55EC7009A876B /* LibraryViewController.swift */ = {isa = PBXFileReference; lastKnownFileType = sourcecode.swift; path = LibraryViewController.swift; sourceTree = "<group>"; };
		77F2A6C029B55EE9009A876B /* AuthViewController.swift */ = {isa = PBXFileReference; lastKnownFileType = sourcecode.swift; path = AuthViewController.swift; sourceTree = "<group>"; };
		77F2A6C229B55EF2009A876B /* WelcomeViewController.swift */ = {isa = PBXFileReference; lastKnownFileType = sourcecode.swift; path = WelcomeViewController.swift; sourceTree = "<group>"; };
		77F2A6C429B55F02009A876B /* SettingsViewController.swift */ = {isa = PBXFileReference; lastKnownFileType = sourcecode.swift; path = SettingsViewController.swift; sourceTree = "<group>"; };
		77F2A6C629B55F0F009A876B /* ProfileViewController.swift */ = {isa = PBXFileReference; lastKnownFileType = sourcecode.swift; path = ProfileViewController.swift; sourceTree = "<group>"; };
		77F2A6C829B55F1E009A876B /* PlayerViewController.swift */ = {isa = PBXFileReference; lastKnownFileType = sourcecode.swift; path = PlayerViewController.swift; sourceTree = "<group>"; };
		77F2A6CA29B55F28009A876B /* PlaylistViewController.swift */ = {isa = PBXFileReference; lastKnownFileType = sourcecode.swift; path = PlaylistViewController.swift; sourceTree = "<group>"; };
		77F2A6CE29B55F70009A876B /* SearchResultsViewController.swift */ = {isa = PBXFileReference; lastKnownFileType = sourcecode.swift; path = SearchResultsViewController.swift; sourceTree = "<group>"; };
		77F2A6D029B55FBF009A876B /* AuthManager.swift */ = {isa = PBXFileReference; lastKnownFileType = sourcecode.swift; path = AuthManager.swift; sourceTree = "<group>"; };
		77F2A6D229B55FCC009A876B /* APICaller.swift */ = {isa = PBXFileReference; lastKnownFileType = sourcecode.swift; path = APICaller.swift; sourceTree = "<group>"; };
		77F2A6D429B55FD2009A876B /* HapticsManager.swift */ = {isa = PBXFileReference; lastKnownFileType = sourcecode.swift; path = HapticsManager.swift; sourceTree = "<group>"; };
		77F2A6D629B5603E009A876B /* Playlist.swift */ = {isa = PBXFileReference; lastKnownFileType = sourcecode.swift; path = Playlist.swift; sourceTree = "<group>"; };
		77F2A6D829B56050009A876B /* AudioTrack.swift */ = {isa = PBXFileReference; lastKnownFileType = sourcecode.swift; path = AudioTrack.swift; sourceTree = "<group>"; };
		77F2A6DA29B56057009A876B /* Artist.swift */ = {isa = PBXFileReference; lastKnownFileType = sourcecode.swift; path = Artist.swift; sourceTree = "<group>"; };
		77F2A6DC29B5605F009A876B /* UserProfile.swift */ = {isa = PBXFileReference; lastKnownFileType = sourcecode.swift; path = UserProfile.swift; sourceTree = "<group>"; };
		77F2A6DE29B6BC39009A876B /* Extensions.swift */ = {isa = PBXFileReference; lastKnownFileType = sourcecode.swift; path = Extensions.swift; sourceTree = "<group>"; };
		77F2A6E029B7F633009A876B /* AuthResponse.swift */ = {isa = PBXFileReference; lastKnownFileType = sourcecode.swift; path = AuthResponse.swift; sourceTree = "<group>"; };
		86A53ABA125758B3B0CB9B58 /* Pods_Spotify.framework */ = {isa = PBXFileReference; explicitFileType = wrapper.framework; includeInIndex = 0; path = Pods_Spotify.framework; sourceTree = BUILT_PRODUCTS_DIR; };
		888DBF6E8DE235A1DB0119A1 /* Pods-Spotify.debug.xcconfig */ = {isa = PBXFileReference; includeInIndex = 1; lastKnownFileType = text.xcconfig; name = "Pods-Spotify.debug.xcconfig"; path = "Target Support Files/Pods-Spotify/Pods-Spotify.debug.xcconfig"; sourceTree = "<group>"; };
/* End PBXFileReference section */

/* Begin PBXFrameworksBuildPhase section */
		77F2A69829B55C65009A876B /* Frameworks */ = {
			isa = PBXFrameworksBuildPhase;
			buildActionMask = 2147483647;
			files = (
				FC667B8C4843523E86CC5E8B /* Pods_Spotify.framework in Frameworks */,
			);
			runOnlyForDeploymentPostprocessing = 0;
		};
/* End PBXFrameworksBuildPhase section */

/* Begin PBXGroup section */
		5903967FFAF800BF8A0E77AD /* Pods */ = {
			isa = PBXGroup;
			children = (
				888DBF6E8DE235A1DB0119A1 /* Pods-Spotify.debug.xcconfig */,
				2D7592D0FBF90D2C04B4B35E /* Pods-Spotify.release.xcconfig */,
			);
			path = Pods;
			sourceTree = "<group>";
		};
		77676EBA29CE16270091322F /* SearchResultsCells */ = {
			isa = PBXGroup;
			children = (
				77676EBB29CE16580091322F /* SearchResultDefaultTableViewCell.swift */,
				77676EBF29CE6C300091322F /* SearchResultSubtitleTableViewCell.swift */,
			);
			path = SearchResultsCells;
			sourceTree = "<group>";
		};
		77676EC329CFA9170091322F /* Presenter */ = {
			isa = PBXGroup;
			children = (
				77676EC629CFA98E0091322F /* PlaybackPresenter.swift */,
			);
			path = Presenter;
			sourceTree = "<group>";
		};
		776C944029C163ED0085B779 /* BrowserViews */ = {
			isa = PBXGroup;
			children = (
				776C944129C1640A0085B779 /* NewReleasesCollectionViewCell.swift */,
				776C944329C1644E0085B779 /* FeaturedPlaylistsCollectionViewCell.swift */,
				776C944529C1648A0085B779 /* RecommendedTracksCollectionViewCell.swift */,
			);
			path = BrowserViews;
			sourceTree = "<group>";
		};
		779AC11E29D1E8EB001DFA8E /* Library */ = {
			isa = PBXGroup;
			children = (
				779AC11F29D1E908001DFA8E /* LibraryPlaylistsViewController.swift */,
				779AC12129D1E939001DFA8E /* LibraryAlbumsViewController.swift */,
			);
			path = Library;
			sourceTree = "<group>";
		};
		77F2A69229B55C65009A876B = {
			isa = PBXGroup;
			children = (
				77F2A69D29B55C65009A876B /* Spotify */,
				77F2A69C29B55C65009A876B /* Products */,
				5903967FFAF800BF8A0E77AD /* Pods */,
				D4D717DE974B6F02AD2FFC98 /* Frameworks */,
			);
			sourceTree = "<group>";
		};
		77F2A69C29B55C65009A876B /* Products */ = {
			isa = PBXGroup;
			children = (
				77F2A69B29B55C65009A876B /* Spotify.app */,
			);
			name = Products;
			sourceTree = "<group>";
		};
		77F2A69D29B55C65009A876B /* Spotify */ = {
			isa = PBXGroup;
			children = (
				77676EC329CFA9170091322F /* Presenter */,
				77F2A6B729B55CAB009A876B /* Resources */,
				77F2A6B629B55CA2009A876B /* Managers */,
				77F2A6B529B55C9B009A876B /* ViewModels */,
				77F2A6B429B55C95009A876B /* Models */,
				77F2A6B329B55C8D009A876B /* Controllers */,
				77F2A6B229B55C85009A876B /* View */,
				77F2A6AC29B55C66009A876B /* Info.plist */,
			);
			path = Spotify;
			sourceTree = "<group>";
		};
		77F2A6B229B55C85009A876B /* View */ = {
			isa = PBXGroup;
			children = (
				77676EBA29CE16270091322F /* SearchResultsCells */,
				776C944029C163ED0085B779 /* BrowserViews */,
				77F2A6A929B55C66009A876B /* LaunchScreen.storyboard */,
				77C2A1F329C691EF00343661 /* PlaylistHeaderCollectionReusableView.swift */,
				771B858529C7730C00C0ABC5 /* TitleHeaderCollectionReusableView.swift */,
				771B858929C77C3200C0ABC5 /* AlbumCollectionViewCell.swift */,
				7763E40329C9285700AC5343 /* GenreCollectionViewCell.swift */,
				77676EC829CFC3760091322F /* PlayerControlsView.swift */,
				779AC12329D1EE0C001DFA8E /* LibraryToggleView.swift */,
				779A5FBD29D739E1002E121D /* ActionLabelView.swift */,
			);
			path = View;
			sourceTree = "<group>";
		};
		77F2A6B329B55C8D009A876B /* Controllers */ = {
			isa = PBXGroup;
			children = (
				77F2A6BF29B55EDE009A876B /* Other */,
				77F2A6BE29B55ED0009A876B /* Core */,
			);
			path = Controllers;
			sourceTree = "<group>";
		};
		77F2A6B429B55C95009A876B /* Models */ = {
			isa = PBXGroup;
			children = (
				77F2A6D629B5603E009A876B /* Playlist.swift */,
				77F2A6D829B56050009A876B /* AudioTrack.swift */,
				77F2A6DA29B56057009A876B /* Artist.swift */,
				77F2A6DC29B5605F009A876B /* UserProfile.swift */,
				77F2A6E029B7F633009A876B /* AuthResponse.swift */,
				77CB16E829BA9E2000F74E2B /* SettingsModels.swift */,
				7792F3F429BCF43700690E45 /* NewReleasesResponse.swift */,
				7792F3F629BCF58300690E45 /* APIImage.swift */,
				7792F3F829BCF66900690E45 /* Album.swift */,
				776C945629C628060085B779 /* AlbumDetailsResponse.swift */,
				776C945829C628EB0085B779 /* TracksResponse.swift */,
				77C63D3D29BD01D600D5463E /* FeaturedPlaylistResponse.swift */,
				77C63D3F29BD094100D5463E /* RecommendedGenresResponse.swift */,
				770FBA0F29BD2BC800DE55E4 /* RecommendationsResponse.swift */,
				77C2A1F129C64C2F00343661 /* PlaylistDetailResponse.swift */,
				77CB103E29CA813200878BEB /* CategoriesResponse.swift */,
				776DDF5229CD308D00CD4016 /* SearchResultResponse.swift */,
				776DDF5429CD32A600CD4016 /* SearchResult.swift */,
				779A5FBB29D73844002E121D /* LibraryPlaylistResponse.swift */,
				77E2B83629DC868D00133FC8 /* LibraryAlbumsReponse.swift */,
			);
			path = Models;
			sourceTree = "<group>";
		};
		77F2A6B529B55C9B009A876B /* ViewModels */ = {
			isa = PBXGroup;
			children = (
				776C944729C164FF0085B779 /* NewReleasesCellViewModel.swift */,
				776C944929C3DB610085B779 /* FeaturedPlaylistCellViewModel.swift */,
				776C944F29C3DC420085B779 /* RecommendedTrackViewModel.swift */,
				77C2A1F529C6963B00343661 /* PlaylistHeaderVIewModel.swift */,
				771B858729C77BA500C0ABC5 /* AlbumCollectIonViewCellViewModel.swift */,
				77CB104029CA881000878BEB /* CategoryCollectionViewCellViewModel.swift */,
				77676EBD29CE5DFF0091322F /* SearchResultDefaultTableViewCellViewModel.swift */,
				77676EC129CE6D7B0091322F /* SearchResultSubtitleTableViewCellViewModel.swift */,
			);
			path = ViewModels;
			sourceTree = "<group>";
		};
		77F2A6B629B55CA2009A876B /* Managers */ = {
			isa = PBXGroup;
			children = (
				77F2A6D029B55FBF009A876B /* AuthManager.swift */,
				77F2A6D229B55FCC009A876B /* APICaller.swift */,
				77F2A6D429B55FD2009A876B /* HapticsManager.swift */,
			);
			path = Managers;
			sourceTree = "<group>";
		};
		77F2A6B729B55CAB009A876B /* Resources */ = {
			isa = PBXGroup;
			children = (
				77F2A6A729B55C66009A876B /* Assets.xcassets */,
				77F2A69E29B55C65009A876B /* AppDelegate.swift */,
				77F2A6A029B55C65009A876B /* SceneDelegate.swift */,
				77F2A6DE29B6BC39009A876B /* Extensions.swift */,
			);
			path = Resources;
			sourceTree = "<group>";
		};
		77F2A6BE29B55ED0009A876B /* Core */ = {
			isa = PBXGroup;
			children = (
				77F2A6B829B55E9D009A876B /* TabBarViewController.swift */,
				77F2A6A229B55C65009A876B /* HomeViewController.swift */,
				77F2A6BA29B55EB3009A876B /* SearchViewController.swift */,
				77F2A6BC29B55EC7009A876B /* LibraryViewController.swift */,
			);
			path = Core;
			sourceTree = "<group>";
		};
		77F2A6BF29B55EDE009A876B /* Other */ = {
			isa = PBXGroup;
			children = (
				779AC11E29D1E8EB001DFA8E /* Library */,
				77F2A6C029B55EE9009A876B /* AuthViewController.swift */,
				77F2A6C229B55EF2009A876B /* WelcomeViewController.swift */,
				77F2A6C429B55F02009A876B /* SettingsViewController.swift */,
				77F2A6C629B55F0F009A876B /* ProfileViewController.swift */,
				77F2A6C829B55F1E009A876B /* PlayerViewController.swift */,
				77F2A6CA29B55F28009A876B /* PlaylistViewController.swift */,
				77F2A6CE29B55F70009A876B /* SearchResultsViewController.swift */,
				776C945129C61E0E0085B779 /* AlbumViewController.swift */,
				77CB104229CA8B3D00878BEB /* CategoryViewController.swift */,
			);
			path = Other;
			sourceTree = "<group>";
		};
		D4D717DE974B6F02AD2FFC98 /* Frameworks */ = {
			isa = PBXGroup;
			children = (
				86A53ABA125758B3B0CB9B58 /* Pods_Spotify.framework */,
			);
			name = Frameworks;
			sourceTree = "<group>";
		};
/* End PBXGroup section */

/* Begin PBXNativeTarget section */
		77F2A69A29B55C65009A876B /* Spotify */ = {
			isa = PBXNativeTarget;
			buildConfigurationList = 77F2A6AF29B55C66009A876B /* Build configuration list for PBXNativeTarget "Spotify" */;
			buildPhases = (
				7623ADF343D736652A6ED6BF /* [CP] Check Pods Manifest.lock */,
				77F2A69729B55C65009A876B /* Sources */,
				77F2A69829B55C65009A876B /* Frameworks */,
				77F2A69929B55C65009A876B /* Resources */,
				F5AC56CDD19478581E0E3DE7 /* [CP] Embed Pods Frameworks */,
			);
			buildRules = (
			);
			dependencies = (
			);
			name = Spotify;
			productName = Spotify;
			productReference = 77F2A69B29B55C65009A876B /* Spotify.app */;
			productType = "com.apple.product-type.application";
		};
/* End PBXNativeTarget section */

/* Begin PBXProject section */
		77F2A69329B55C65009A876B /* Project object */ = {
			isa = PBXProject;
			attributes = {
				BuildIndependentTargetsInParallel = 1;
				LastSwiftUpdateCheck = 1420;
				LastUpgradeCheck = 1420;
				TargetAttributes = {
					77F2A69A29B55C65009A876B = {
						CreatedOnToolsVersion = 14.2;
					};
				};
			};
			buildConfigurationList = 77F2A69629B55C65009A876B /* Build configuration list for PBXProject "Spotify" */;
			compatibilityVersion = "Xcode 14.0";
			developmentRegion = en;
			hasScannedForEncodings = 0;
			knownRegions = (
				en,
				Base,
			);
			mainGroup = 77F2A69229B55C65009A876B;
			productRefGroup = 77F2A69C29B55C65009A876B /* Products */;
			projectDirPath = "";
			projectRoot = "";
			targets = (
				77F2A69A29B55C65009A876B /* Spotify */,
			);
		};
/* End PBXProject section */

/* Begin PBXResourcesBuildPhase section */
		77F2A69929B55C65009A876B /* Resources */ = {
			isa = PBXResourcesBuildPhase;
			buildActionMask = 2147483647;
			files = (
				77F2A6AB29B55C66009A876B /* LaunchScreen.storyboard in Resources */,
				77F2A6A829B55C66009A876B /* Assets.xcassets in Resources */,
			);
			runOnlyForDeploymentPostprocessing = 0;
		};
/* End PBXResourcesBuildPhase section */

/* Begin PBXShellScriptBuildPhase section */
		7623ADF343D736652A6ED6BF /* [CP] Check Pods Manifest.lock */ = {
			isa = PBXShellScriptBuildPhase;
			buildActionMask = 2147483647;
			files = (
			);
			inputFileListPaths = (
			);
			inputPaths = (
				"${PODS_PODFILE_DIR_PATH}/Podfile.lock",
				"${PODS_ROOT}/Manifest.lock",
			);
			name = "[CP] Check Pods Manifest.lock";
			outputFileListPaths = (
			);
			outputPaths = (
				"$(DERIVED_FILE_DIR)/Pods-Spotify-checkManifestLockResult.txt",
			);
			runOnlyForDeploymentPostprocessing = 0;
			shellPath = /bin/sh;
			shellScript = "diff \"${PODS_PODFILE_DIR_PATH}/Podfile.lock\" \"${PODS_ROOT}/Manifest.lock\" > /dev/null\nif [ $? != 0 ] ; then\n    # print error to STDERR\n    echo \"error: The sandbox is not in sync with the Podfile.lock. Run 'pod install' or update your CocoaPods installation.\" >&2\n    exit 1\nfi\n# This output is used by Xcode 'outputs' to avoid re-running this script phase.\necho \"SUCCESS\" > \"${SCRIPT_OUTPUT_FILE_0}\"\n";
			showEnvVarsInLog = 0;
		};
		F5AC56CDD19478581E0E3DE7 /* [CP] Embed Pods Frameworks */ = {
			isa = PBXShellScriptBuildPhase;
			buildActionMask = 2147483647;
			files = (
			);
			inputFileListPaths = (
				"${PODS_ROOT}/Target Support Files/Pods-Spotify/Pods-Spotify-frameworks-${CONFIGURATION}-input-files.xcfilelist",
			);
			name = "[CP] Embed Pods Frameworks";
			outputFileListPaths = (
				"${PODS_ROOT}/Target Support Files/Pods-Spotify/Pods-Spotify-frameworks-${CONFIGURATION}-output-files.xcfilelist",
			);
			runOnlyForDeploymentPostprocessing = 0;
			shellPath = /bin/sh;
			shellScript = "\"${PODS_ROOT}/Target Support Files/Pods-Spotify/Pods-Spotify-frameworks.sh\"\n";
			showEnvVarsInLog = 0;
		};
/* End PBXShellScriptBuildPhase section */

/* Begin PBXSourcesBuildPhase section */
		77F2A69729B55C65009A876B /* Sources */ = {
			isa = PBXSourcesBuildPhase;
			buildActionMask = 2147483647;
			files = (
				776C944829C164FF0085B779 /* NewReleasesCellViewModel.swift in Sources */,
				77F2A6BB29B55EB3009A876B /* SearchViewController.swift in Sources */,
				77C2A1F429C691EF00343661 /* PlaylistHeaderCollectionReusableView.swift in Sources */,
				77F2A6DD29B5605F009A876B /* UserProfile.swift in Sources */,
				77CB104329CA8B3D00878BEB /* CategoryViewController.swift in Sources */,
				77676EBC29CE16580091322F /* SearchResultDefaultTableViewCell.swift in Sources */,
				77F2A6D729B5603E009A876B /* Playlist.swift in Sources */,
				776C945929C628EB0085B779 /* TracksResponse.swift in Sources */,
				77676EC729CFA98E0091322F /* PlaybackPresenter.swift in Sources */,
				776C944A29C3DB610085B779 /* FeaturedPlaylistCellViewModel.swift in Sources */,
				779A5FBE29D739E1002E121D /* ActionLabelView.swift in Sources */,
				7763E40429C9285700AC5343 /* GenreCollectionViewCell.swift in Sources */,
				77F2A6D129B55FBF009A876B /* AuthManager.swift in Sources */,
				77C63D4029BD094100D5463E /* RecommendedGenresResponse.swift in Sources */,
				7792F3F729BCF58300690E45 /* APIImage.swift in Sources */,
				776DDF5529CD32A600CD4016 /* SearchResult.swift in Sources */,
				77676EC029CE6C300091322F /* SearchResultSubtitleTableViewCell.swift in Sources */,
				77F2A6CF29B55F70009A876B /* SearchResultsViewController.swift in Sources */,
				77C2A1F229C64C2F00343661 /* PlaylistDetailResponse.swift in Sources */,
				77F2A6C329B55EF2009A876B /* WelcomeViewController.swift in Sources */,
				77F2A6D529B55FD2009A876B /* HapticsManager.swift in Sources */,
				77C2A1F629C6963B00343661 /* PlaylistHeaderVIewModel.swift in Sources */,
				77F2A6C729B55F0F009A876B /* ProfileViewController.swift in Sources */,
				776C945229C61E0E0085B779 /* AlbumViewController.swift in Sources */,
				77676EC929CFC3760091322F /* PlayerControlsView.swift in Sources */,
				771B858629C7730C00C0ABC5 /* TitleHeaderCollectionReusableView.swift in Sources */,
				77F2A6E129B7F633009A876B /* AuthResponse.swift in Sources */,
				779AC12429D1EE0C001DFA8E /* LibraryToggleView.swift in Sources */,
				77CB103F29CA813200878BEB /* CategoriesResponse.swift in Sources */,
				7792F3F529BCF43700690E45 /* NewReleasesResponse.swift in Sources */,
				771B858A29C77C3200C0ABC5 /* AlbumCollectionViewCell.swift in Sources */,
				77F2A6B929B55E9D009A876B /* TabBarViewController.swift in Sources */,
				77F2A6D929B56050009A876B /* AudioTrack.swift in Sources */,
				7792F3F929BCF66900690E45 /* Album.swift in Sources */,
				779AC12229D1E939001DFA8E /* LibraryAlbumsViewController.swift in Sources */,
				776DDF5329CD308D00CD4016 /* SearchResultResponse.swift in Sources */,
				77F2A6A329B55C65009A876B /* HomeViewController.swift in Sources */,
				77F2A6C129B55EE9009A876B /* AuthViewController.swift in Sources */,
				77F2A69F29B55C65009A876B /* AppDelegate.swift in Sources */,
				776C945029C3DC420085B779 /* RecommendedTrackViewModel.swift in Sources */,
				776C945729C628060085B779 /* AlbumDetailsResponse.swift in Sources */,
				77F2A6DF29B6BC39009A876B /* Extensions.swift in Sources */,
				77F2A6BD29B55EC7009A876B /* LibraryViewController.swift in Sources */,
				77F2A6DB29B56057009A876B /* Artist.swift in Sources */,
				77676EC229CE6D7B0091322F /* SearchResultSubtitleTableViewCellViewModel.swift in Sources */,
				776C944229C1640A0085B779 /* NewReleasesCollectionViewCell.swift in Sources */,
				77676EBE29CE5DFF0091322F /* SearchResultDefaultTableViewCellViewModel.swift in Sources */,
				776C944629C1648A0085B779 /* RecommendedTracksCollectionViewCell.swift in Sources */,
				77E2B83729DC868D00133FC8 /* LibraryAlbumsReponse.swift in Sources */,
				77CB16E929BA9E2000F74E2B /* SettingsModels.swift in Sources */,
				77F2A6CB29B55F28009A876B /* PlaylistViewController.swift in Sources */,
				77F2A6A129B55C65009A876B /* SceneDelegate.swift in Sources */,
				77CB104129CA881000878BEB /* CategoryCollectionViewCellViewModel.swift in Sources */,
				77C63D3E29BD01D600D5463E /* FeaturedPlaylistResponse.swift in Sources */,
				779AC12029D1E908001DFA8E /* LibraryPlaylistsViewController.swift in Sources */,
				77F2A6C929B55F1E009A876B /* PlayerViewController.swift in Sources */,
				771B858829C77BA500C0ABC5 /* AlbumCollectIonViewCellViewModel.swift in Sources */,
				77F2A6D329B55FCC009A876B /* APICaller.swift in Sources */,
				776C944429C1644E0085B779 /* FeaturedPlaylistsCollectionViewCell.swift in Sources */,
				77F2A6C529B55F02009A876B /* SettingsViewController.swift in Sources */,
				779A5FBC29D73844002E121D /* LibraryPlaylistResponse.swift in Sources */,
				770FBA1029BD2BC800DE55E4 /* RecommendationsResponse.swift in Sources */,
			);
			runOnlyForDeploymentPostprocessing = 0;
		};
/* End PBXSourcesBuildPhase section */

/* Begin PBXVariantGroup section */
		77F2A6A929B55C66009A876B /* LaunchScreen.storyboard */ = {
			isa = PBXVariantGroup;
			children = (
				77F2A6AA29B55C66009A876B /* Base */,
			);
			name = LaunchScreen.storyboard;
			sourceTree = "<group>";
		};
/* End PBXVariantGroup section */

/* Begin XCBuildConfiguration section */
		77F2A6AD29B55C66009A876B /* Debug */ = {
			isa = XCBuildConfiguration;
			buildSettings = {
				ALWAYS_SEARCH_USER_PATHS = NO;
				CLANG_ANALYZER_NONNULL = YES;
				CLANG_ANALYZER_NUMBER_OBJECT_CONVERSION = YES_AGGRESSIVE;
				CLANG_CXX_LANGUAGE_STANDARD = "gnu++20";
				CLANG_ENABLE_MODULES = YES;
				CLANG_ENABLE_OBJC_ARC = YES;
				CLANG_ENABLE_OBJC_WEAK = YES;
				CLANG_WARN_BLOCK_CAPTURE_AUTORELEASING = YES;
				CLANG_WARN_BOOL_CONVERSION = YES;
				CLANG_WARN_COMMA = YES;
				CLANG_WARN_CONSTANT_CONVERSION = YES;
				CLANG_WARN_DEPRECATED_OBJC_IMPLEMENTATIONS = YES;
				CLANG_WARN_DIRECT_OBJC_ISA_USAGE = YES_ERROR;
				CLANG_WARN_DOCUMENTATION_COMMENTS = YES;
				CLANG_WARN_EMPTY_BODY = YES;
				CLANG_WARN_ENUM_CONVERSION = YES;
				CLANG_WARN_INFINITE_RECURSION = YES;
				CLANG_WARN_INT_CONVERSION = YES;
				CLANG_WARN_NON_LITERAL_NULL_CONVERSION = YES;
				CLANG_WARN_OBJC_IMPLICIT_RETAIN_SELF = YES;
				CLANG_WARN_OBJC_LITERAL_CONVERSION = YES;
				CLANG_WARN_OBJC_ROOT_CLASS = YES_ERROR;
				CLANG_WARN_QUOTED_INCLUDE_IN_FRAMEWORK_HEADER = YES;
				CLANG_WARN_RANGE_LOOP_ANALYSIS = YES;
				CLANG_WARN_STRICT_PROTOTYPES = YES;
				CLANG_WARN_SUSPICIOUS_MOVE = YES;
				CLANG_WARN_UNGUARDED_AVAILABILITY = YES_AGGRESSIVE;
				CLANG_WARN_UNREACHABLE_CODE = YES;
				CLANG_WARN__DUPLICATE_METHOD_MATCH = YES;
				COPY_PHASE_STRIP = NO;
				DEBUG_INFORMATION_FORMAT = dwarf;
				ENABLE_STRICT_OBJC_MSGSEND = YES;
				ENABLE_TESTABILITY = YES;
				GCC_C_LANGUAGE_STANDARD = gnu11;
				GCC_DYNAMIC_NO_PIC = NO;
				GCC_NO_COMMON_BLOCKS = YES;
				GCC_OPTIMIZATION_LEVEL = 0;
				GCC_PREPROCESSOR_DEFINITIONS = (
					"DEBUG=1",
					"$(inherited)",
				);
				GCC_WARN_64_TO_32_BIT_CONVERSION = YES;
				GCC_WARN_ABOUT_RETURN_TYPE = YES_ERROR;
				GCC_WARN_UNDECLARED_SELECTOR = YES;
				GCC_WARN_UNINITIALIZED_AUTOS = YES_AGGRESSIVE;
				GCC_WARN_UNUSED_FUNCTION = YES;
				GCC_WARN_UNUSED_VARIABLE = YES;
				IPHONEOS_DEPLOYMENT_TARGET = 16.4;
				MTL_ENABLE_DEBUG_INFO = INCLUDE_SOURCE;
				MTL_FAST_MATH = YES;
				ONLY_ACTIVE_ARCH = YES;
				SDKROOT = iphoneos;
				SWIFT_ACTIVE_COMPILATION_CONDITIONS = DEBUG;
				SWIFT_OPTIMIZATION_LEVEL = "-Onone";
			};
			name = Debug;
		};
		77F2A6AE29B55C66009A876B /* Release */ = {
			isa = XCBuildConfiguration;
			buildSettings = {
				ALWAYS_SEARCH_USER_PATHS = NO;
				CLANG_ANALYZER_NONNULL = YES;
				CLANG_ANALYZER_NUMBER_OBJECT_CONVERSION = YES_AGGRESSIVE;
				CLANG_CXX_LANGUAGE_STANDARD = "gnu++20";
				CLANG_ENABLE_MODULES = YES;
				CLANG_ENABLE_OBJC_ARC = YES;
				CLANG_ENABLE_OBJC_WEAK = YES;
				CLANG_WARN_BLOCK_CAPTURE_AUTORELEASING = YES;
				CLANG_WARN_BOOL_CONVERSION = YES;
				CLANG_WARN_COMMA = YES;
				CLANG_WARN_CONSTANT_CONVERSION = YES;
				CLANG_WARN_DEPRECATED_OBJC_IMPLEMENTATIONS = YES;
				CLANG_WARN_DIRECT_OBJC_ISA_USAGE = YES_ERROR;
				CLANG_WARN_DOCUMENTATION_COMMENTS = YES;
				CLANG_WARN_EMPTY_BODY = YES;
				CLANG_WARN_ENUM_CONVERSION = YES;
				CLANG_WARN_INFINITE_RECURSION = YES;
				CLANG_WARN_INT_CONVERSION = YES;
				CLANG_WARN_NON_LITERAL_NULL_CONVERSION = YES;
				CLANG_WARN_OBJC_IMPLICIT_RETAIN_SELF = YES;
				CLANG_WARN_OBJC_LITERAL_CONVERSION = YES;
				CLANG_WARN_OBJC_ROOT_CLASS = YES_ERROR;
				CLANG_WARN_QUOTED_INCLUDE_IN_FRAMEWORK_HEADER = YES;
				CLANG_WARN_RANGE_LOOP_ANALYSIS = YES;
				CLANG_WARN_STRICT_PROTOTYPES = YES;
				CLANG_WARN_SUSPICIOUS_MOVE = YES;
				CLANG_WARN_UNGUARDED_AVAILABILITY = YES_AGGRESSIVE;
				CLANG_WARN_UNREACHABLE_CODE = YES;
				CLANG_WARN__DUPLICATE_METHOD_MATCH = YES;
				COPY_PHASE_STRIP = NO;
				DEBUG_INFORMATION_FORMAT = "dwarf-with-dsym";
				ENABLE_NS_ASSERTIONS = NO;
				ENABLE_STRICT_OBJC_MSGSEND = YES;
				GCC_C_LANGUAGE_STANDARD = gnu11;
				GCC_NO_COMMON_BLOCKS = YES;
				GCC_WARN_64_TO_32_BIT_CONVERSION = YES;
				GCC_WARN_ABOUT_RETURN_TYPE = YES_ERROR;
				GCC_WARN_UNDECLARED_SELECTOR = YES;
				GCC_WARN_UNINITIALIZED_AUTOS = YES_AGGRESSIVE;
				GCC_WARN_UNUSED_FUNCTION = YES;
				GCC_WARN_UNUSED_VARIABLE = YES;
				IPHONEOS_DEPLOYMENT_TARGET = 16.4;
				MTL_ENABLE_DEBUG_INFO = NO;
				MTL_FAST_MATH = YES;
				SDKROOT = iphoneos;
				SWIFT_COMPILATION_MODE = wholemodule;
				SWIFT_OPTIMIZATION_LEVEL = "-O";
				VALIDATE_PRODUCT = YES;
			};
			name = Release;
		};
		77F2A6B029B55C66009A876B /* Debug */ = {
			isa = XCBuildConfiguration;
			baseConfigurationReference = 888DBF6E8DE235A1DB0119A1 /* Pods-Spotify.debug.xcconfig */;
			buildSettings = {
				ASSETCATALOG_COMPILER_APPICON_NAME = AppIcon;
				ASSETCATALOG_COMPILER_GLOBAL_ACCENT_COLOR_NAME = AccentColor;
				CODE_SIGN_STYLE = Automatic;
				CURRENT_PROJECT_VERSION = 1;
				DEVELOPMENT_TEAM = MGAFX9264K;
				GENERATE_INFOPLIST_FILE = YES;
				INFOPLIST_FILE = Spotify/Info.plist;
				INFOPLIST_KEY_UIApplicationSupportsIndirectInputEvents = YES;
				INFOPLIST_KEY_UILaunchStoryboardName = LaunchScreen;
				INFOPLIST_KEY_UISupportedInterfaceOrientations_iPad = "UIInterfaceOrientationPortrait UIInterfaceOrientationPortraitUpsideDown UIInterfaceOrientationLandscapeLeft UIInterfaceOrientationLandscapeRight";
				INFOPLIST_KEY_UISupportedInterfaceOrientations_iPhone = "UIInterfaceOrientationPortrait UIInterfaceOrientationLandscapeLeft UIInterfaceOrientationLandscapeRight";
				IPHONEOS_DEPLOYMENT_TARGET = 16.2;
				LD_RUNPATH_SEARCH_PATHS = (
					"$(inherited)",
					"@executable_path/Frameworks",
				);
				MARKETING_VERSION = 1.0;
				PRODUCT_BUNDLE_IDENTIFIER = com.thaddeus.Spotify;
				PRODUCT_NAME = "$(TARGET_NAME)";
				SWIFT_EMIT_LOC_STRINGS = YES;
				SWIFT_VERSION = 5.0;
				TARGETED_DEVICE_FAMILY = "1,2";
			};
			name = Debug;
		};
		77F2A6B129B55C66009A876B /* Release */ = {
			isa = XCBuildConfiguration;
			baseConfigurationReference = 2D7592D0FBF90D2C04B4B35E /* Pods-Spotify.release.xcconfig */;
			buildSettings = {
				ASSETCATALOG_COMPILER_APPICON_NAME = AppIcon;
				ASSETCATALOG_COMPILER_GLOBAL_ACCENT_COLOR_NAME = AccentColor;
				CODE_SIGN_STYLE = Automatic;
				CURRENT_PROJECT_VERSION = 1;
				DEVELOPMENT_TEAM = MGAFX9264K;
				GENERATE_INFOPLIST_FILE = YES;
				INFOPLIST_FILE = Spotify/Info.plist;
				INFOPLIST_KEY_UIApplicationSupportsIndirectInputEvents = YES;
				INFOPLIST_KEY_UILaunchStoryboardName = LaunchScreen;
				INFOPLIST_KEY_UISupportedInterfaceOrientations_iPad = "UIInterfaceOrientationPortrait UIInterfaceOrientationPortraitUpsideDown UIInterfaceOrientationLandscapeLeft UIInterfaceOrientationLandscapeRight";
				INFOPLIST_KEY_UISupportedInterfaceOrientations_iPhone = "UIInterfaceOrientationPortrait UIInterfaceOrientationLandscapeLeft UIInterfaceOrientationLandscapeRight";
				IPHONEOS_DEPLOYMENT_TARGET = 16.2;
				LD_RUNPATH_SEARCH_PATHS = (
					"$(inherited)",
					"@executable_path/Frameworks",
				);
				MARKETING_VERSION = 1.0;
				PRODUCT_BUNDLE_IDENTIFIER = com.thaddeus.Spotify;
				PRODUCT_NAME = "$(TARGET_NAME)";
				SWIFT_EMIT_LOC_STRINGS = YES;
				SWIFT_VERSION = 5.0;
				TARGETED_DEVICE_FAMILY = "1,2";
			};
			name = Release;
		};
/* End XCBuildConfiguration section */

/* Begin XCConfigurationList section */
		77F2A69629B55C65009A876B /* Build configuration list for PBXProject "Spotify" */ = {
			isa = XCConfigurationList;
			buildConfigurations = (
				77F2A6AD29B55C66009A876B /* Debug */,
				77F2A6AE29B55C66009A876B /* Release */,
			);
			defaultConfigurationIsVisible = 0;
			defaultConfigurationName = Release;
		};
		77F2A6AF29B55C66009A876B /* Build configuration list for PBXNativeTarget "Spotify" */ = {
			isa = XCConfigurationList;
			buildConfigurations = (
				77F2A6B029B55C66009A876B /* Debug */,
				77F2A6B129B55C66009A876B /* Release */,
			);
			defaultConfigurationIsVisible = 0;
			defaultConfigurationName = Release;
		};
/* End XCConfigurationList section */
	};
	rootObject = 77F2A69329B55C65009A876B /* Project object */;
}
